
Microsoft Visual Studio Solution File, Format Version 12.00
# Visual Studio Version 17
VisualStudioVersion = 17.8.34525.116
MinimumVisualStudioVersion = 10.0.40219.1
Project("{FAE04EC0-301F-11D3-BF4B-00C04F79EFBC}") = "dolareurowf", "dolareurowf\dolareurowf.csproj", "{F73C8DFC-F25A-4671-BC20-FEC076126FFD}"
EndProject
Global
	GlobalSection(SolutionConfigurationPlatforms) = preSolution
		Debug|Any CPU = Debug|Any CPU
		Release|Any CPU = Release|Any CPU
	EndGlobalSection
	GlobalSection(ProjectConfigurationPlatforms) = postSolution
		{F73C8DFC-F25A-4671-BC20-FEC076126FFD}.Debug|Any CPU.ActiveCfg = Debug|Any CPU
		{F73C8DFC-F25A-4671-BC20-FEC076126FFD}.Debug|Any CPU.Build.0 = Debug|Any CPU
		{F73C8DFC-F25A-4671-BC20-FEC076126FFD}.Release|Any CPU.ActiveCfg = Release|Any CPU
		{F73C8DFC-F25A-4671-BC20-FEC076126FFD}.Release|Any CPU.Build.0 = Release|Any CPU
	EndGlobalSection
	GlobalSection(SolutionProperties) = preSolution
		HideSolutionNode = FALSE
	EndGlobalSection
	GlobalSection(ExtensibilityGlobals) = postSolution
		SolutionGuid = {86E5399D-A117-4B80-B917-EA218C889C2B}
	EndGlobalSection
EndGlobal
