
Microsoft Visual Studio Solution File, Format Version 12.00
# Visual Studio Version 17
VisualStudioVersion = 17.8.34525.116
MinimumVisualStudioVersion = 10.0.40219.1
Project("{FAE04EC0-301F-11D3-BF4B-00C04F79EFBC}") = "gradosaradianeswf", "gradosaradianeswf\gradosaradianeswf.csproj", "{0725154A-D29E-4A7A-A8C1-852AB233E6CD}"
EndProject
Global
	GlobalSection(SolutionConfigurationPlatforms) = preSolution
		Debug|Any CPU = Debug|Any CPU
		Release|Any CPU = Release|Any CPU
	EndGlobalSection
	GlobalSection(ProjectConfigurationPlatforms) = postSolution
		{0725154A-D29E-4A7A-A8C1-852AB233E6CD}.Debug|Any CPU.ActiveCfg = Debug|Any CPU
		{0725154A-D29E-4A7A-A8C1-852AB233E6CD}.Debug|Any CPU.Build.0 = Debug|Any CPU
		{0725154A-D29E-4A7A-A8C1-852AB233E6CD}.Release|Any CPU.ActiveCfg = Release|Any CPU
		{0725154A-D29E-4A7A-A8C1-852AB233E6CD}.Release|Any CPU.Build.0 = Release|Any CPU
	EndGlobalSection
	GlobalSection(SolutionProperties) = preSolution
		HideSolutionNode = FALSE
	EndGlobalSection
	GlobalSection(ExtensibilityGlobals) = postSolution
		SolutionGuid = {DB701761-DF62-4940-B608-6D0F93EAC61C}
	EndGlobalSection
EndGlobal
